// !$*UTF8*$!
{
	archiveVersion = 1;
	classes = {
	};
	objectVersion = 46;
	objects = {

/* Begin PBXFileReference section */
		12DC1BAE1F20237F00AD9CC3 /* VendingMachineTestSuite.cpp */ = {isa = PBXFileReference; lastKnownFileType = sourcecode.cpp.cpp; path = VendingMachineTestSuite.cpp; sourceTree = "<group>"; };
		12DC1BB01F2023BC00AD9CC3 /* VendingMachineMainFile.cpp */ = {isa = PBXFileReference; lastKnownFileType = sourcecode.cpp.cpp; path = VendingMachineMainFile.cpp; sourceTree = "<group>"; };
		12DC1BB11F2023BC00AD9CC3 /* VendingMachineMainFile.h */ = {isa = PBXFileReference; lastKnownFileType = sourcecode.c.h; path = VendingMachineMainFile.h; sourceTree = "<group>"; };
		12DC1BB31F20260600AD9CC3 /* Makefile */ = {isa = PBXFileReference; lastKnownFileType = sourcecode.make; path = Makefile; sourceTree = "<group>"; };
/* End PBXFileReference section */

/* Begin PBXGroup section */
		12DC1BA71F20236200AD9CC3 = {
			isa = PBXGroup;
			children = (
				12DC1BB31F20260600AD9CC3 /* Makefile */,
				12DC1BB01F2023BC00AD9CC3 /* VendingMachineMainFile.cpp */,
				12DC1BB11F2023BC00AD9CC3 /* VendingMachineMainFile.h */,
				12DC1BAE1F20237F00AD9CC3 /* VendingMachineTestSuite.cpp */,
			);
			sourceTree = "<group>";
		};
/* End PBXGroup section */

/* Begin PBXProject section */
		12DC1BA81F20236200AD9CC3 /* Project object */ = {
			isa = PBXProject;
			attributes = {
				LastUpgradeCheck = 0820;
			};
			buildConfigurationList = 12DC1BAB1F20236200AD9CC3 /* Build configuration list for PBXProject "VendingMachineKata" */;
			compatibilityVersion = "Xcode 3.2";
			developmentRegion = English;
			hasScannedForEncodings = 0;
			knownRegions = (
				en,
			);
			mainGroup = 12DC1BA71F20236200AD9CC3;
			projectDirPath = "";
			projectRoot = "";
			targets = (
			);
		};
/* End PBXProject section */

/* Begin XCBuildConfiguration section */
		12DC1BAC1F20236200AD9CC3 /* Debug */ = {
			isa = XCBuildConfiguration;
			buildSettings = {
			};
			name = Debug;
		};
		12DC1BAD1F20236200AD9CC3 /* Release */ = {
			isa = XCBuildConfiguration;
			buildSettings = {
			};
			name = Release;
		};
/* End XCBuildConfiguration section */

/* Begin XCConfigurationList section */
		12DC1BAB1F20236200AD9CC3 /* Build configuration list for PBXProject "VendingMachineKata" */ = {
			isa = XCConfigurationList;
			buildConfigurations = (
				12DC1BAC1F20236200AD9CC3 /* Debug */,
				12DC1BAD1F20236200AD9CC3 /* Release */,
			);
			defaultConfigurationIsVisible = 0;
			defaultConfigurationName = Release;
		};
/* End XCConfigurationList section */
	};
	rootObject = 12DC1BA81F20236200AD9CC3 /* Project object */;
}
